
Microsoft Visual Studio Solution File, Format Version 12.00
# Visual Studio 15
VisualStudioVersion = 15.0.27130.2036
MinimumVisualStudioVersion = 10.0.40219.1
Project("{FAE04EC0-301F-11D3-BF4B-00C04F79EFBC}") = "TestDisplay", "TestDisplay\TestDisplay.csproj", "{524B5BBD-43A6-4AF4-9B56-792AC8C5A4C1}"
EndProject
Project("{FAE04EC0-301F-11D3-BF4B-00C04F79EFBC}") = "MyData", "MyData\MyData.csproj", "{4322B2FD-6D5D-41AD-803F-8E7A9297A3E3}"
EndProject
Project("{FAE04EC0-301F-11D3-BF4B-00C04F79EFBC}") = "UnitTestProject1", "UnitTestProject1\UnitTestProject1.csproj", "{F7B01305-3BF9-4C24-9349-CB0E88779FC4}"
EndProject
Global
	GlobalSection(SolutionConfigurationPlatforms) = preSolution
		Debug|Any CPU = Debug|Any CPU
		Release|Any CPU = Release|Any CPU
	EndGlobalSection
	GlobalSection(ProjectConfigurationPlatforms) = postSolution
		{524B5BBD-43A6-4AF4-9B56-792AC8C5A4C1}.Debug|Any CPU.ActiveCfg = Debug|Any CPU
		{524B5BBD-43A6-4AF4-9B56-792AC8C5A4C1}.Debug|Any CPU.Build.0 = Debug|Any CPU
		{524B5BBD-43A6-4AF4-9B56-792AC8C5A4C1}.Release|Any CPU.ActiveCfg = Release|Any CPU
		{524B5BBD-43A6-4AF4-9B56-792AC8C5A4C1}.Release|Any CPU.Build.0 = Release|Any CPU
		{4322B2FD-6D5D-41AD-803F-8E7A9297A3E3}.Debug|Any CPU.ActiveCfg = Debug|Any CPU
		{4322B2FD-6D5D-41AD-803F-8E7A9297A3E3}.Debug|Any CPU.Build.0 = Debug|Any CPU
		{4322B2FD-6D5D-41AD-803F-8E7A9297A3E3}.Release|Any CPU.ActiveCfg = Release|Any CPU
		{4322B2FD-6D5D-41AD-803F-8E7A9297A3E3}.Release|Any CPU.Build.0 = Release|Any CPU
		{F7B01305-3BF9-4C24-9349-CB0E88779FC4}.Debug|Any CPU.ActiveCfg = Debug|Any CPU
		{F7B01305-3BF9-4C24-9349-CB0E88779FC4}.Debug|Any CPU.Build.0 = Debug|Any CPU
		{F7B01305-3BF9-4C24-9349-CB0E88779FC4}.Release|Any CPU.ActiveCfg = Release|Any CPU
		{F7B01305-3BF9-4C24-9349-CB0E88779FC4}.Release|Any CPU.Build.0 = Release|Any CPU
	EndGlobalSection
	GlobalSection(SolutionProperties) = preSolution
		HideSolutionNode = FALSE
	EndGlobalSection
	GlobalSection(ExtensibilityGlobals) = postSolution
		SolutionGuid = {612EC92E-32EA-443E-8C1D-571FB50155D8}
	EndGlobalSection
EndGlobal
